// !$*UTF8*$!
{
	archiveVersion = 1;
	classes = {
	};
	objectVersion = 46;
	objects = {

/* Begin PBXBuildFile section */
		554B8437155B34F900D5C51D /* GCOAuth.m in Sources */ = {isa = PBXBuildFile; fileRef = 554B83E8155B34F900D5C51D /* GCOAuth.m */; };
		554B8438155B34F900D5C51D /* LICENSE in Resources */ = {isa = PBXBuildFile; fileRef = 554B83E9155B34F900D5C51D /* LICENSE */; };
		554B8439155B34F900D5C51D /* NSData+Base64.m in Sources */ = {isa = PBXBuildFile; fileRef = 554B83EB155B34F900D5C51D /* NSData+Base64.m */; };
		554B843A155B34F900D5C51D /* LICENSE in Resources */ = {isa = PBXBuildFile; fileRef = 554B83ED155B34F900D5C51D /* LICENSE */; };
		554B843B155B34F900D5C51D /* NSString+URLEncoding.m in Sources */ = {isa = PBXBuildFile; fileRef = 554B83EF155B34F900D5C51D /* NSString+URLEncoding.m */; };
		554B843C155B34F900D5C51D /* LICENSE in Resources */ = {isa = PBXBuildFile; fileRef = 554B83F1155B34F900D5C51D /* LICENSE */; };
		554B843D155B34F900D5C51D /* SSKeychain.m in Sources */ = {isa = PBXBuildFile; fileRef = 554B83F3155B34F900D5C51D /* SSKeychain.m */; };
		554B843E155B34F900D5C51D /* LICENSE in Resources */ = {isa = PBXBuildFile; fileRef = 554B83F5155B34F900D5C51D /* LICENSE */; };
		554B843F155B34F900D5C51D /* TBinaryProtocol.m in Sources */ = {isa = PBXBuildFile; fileRef = 554B83F8155B34F900D5C51D /* TBinaryProtocol.m */; };
		554B8440155B34F900D5C51D /* TProtocolException.m in Sources */ = {isa = PBXBuildFile; fileRef = 554B83FB155B34F900D5C51D /* TProtocolException.m */; };
		554B8441155B34F900D5C51D /* TProtocolUtil.m in Sources */ = {isa = PBXBuildFile; fileRef = 554B83FE155B34F900D5C51D /* TProtocolUtil.m */; };
		554B8442155B34F900D5C51D /* TSocketServer.m in Sources */ = {isa = PBXBuildFile; fileRef = 554B8401155B34F900D5C51D /* TSocketServer.m */; };
		554B8443155B34F900D5C51D /* TApplicationException.m in Sources */ = {isa = PBXBuildFile; fileRef = 554B8403155B34F900D5C51D /* TApplicationException.m */; };
		554B8444155B34F900D5C51D /* TException.m in Sources */ = {isa = PBXBuildFile; fileRef = 554B8405155B34F900D5C51D /* TException.m */; };
		554B8445155B34F900D5C51D /* THTTPClient.m in Sources */ = {isa = PBXBuildFile; fileRef = 554B840B155B34F900D5C51D /* THTTPClient.m */; };
		554B8446155B34F900D5C51D /* TMemoryBuffer.m in Sources */ = {isa = PBXBuildFile; fileRef = 554B840D155B34F900D5C51D /* TMemoryBuffer.m */; };
		554B8447155B34F900D5C51D /* TNSFileHandleTransport.m in Sources */ = {isa = PBXBuildFile; fileRef = 554B840F155B34F900D5C51D /* TNSFileHandleTransport.m */; };
		554B8448155B34F900D5C51D /* TNSStreamTransport.m in Sources */ = {isa = PBXBuildFile; fileRef = 554B8411155B34F900D5C51D /* TNSStreamTransport.m */; };
		554B8449155B34F900D5C51D /* TSocketClient.m in Sources */ = {isa = PBXBuildFile; fileRef = 554B8413155B34F900D5C51D /* TSocketClient.m */; };
		554B844A155B34F900D5C51D /* TTransportException.m in Sources */ = {isa = PBXBuildFile; fileRef = 554B8416155B34F900D5C51D /* TTransportException.m */; };
		554B844B155B34F900D5C51D /* TSharedProcessorFactory.m in Sources */ = {isa = PBXBuildFile; fileRef = 554B8418155B34F900D5C51D /* TSharedProcessorFactory.m */; };
		554B844C155B34F900D5C51D /* EDAMErrors.m in Sources */ = {isa = PBXBuildFile; fileRef = 554B841C155B34F900D5C51D /* EDAMErrors.m */; };
		554B844D155B34F900D5C51D /* EDAMLimits.m in Sources */ = {isa = PBXBuildFile; fileRef = 554B841E155B34F900D5C51D /* EDAMLimits.m */; };
		554B844E155B34F900D5C51D /* EDAMNoteStore.m in Sources */ = {isa = PBXBuildFile; fileRef = 554B8420155B34F900D5C51D /* EDAMNoteStore.m */; };
		554B844F155B34F900D5C51D /* EDAMTypes.m in Sources */ = {isa = PBXBuildFile; fileRef = 554B8422155B34F900D5C51D /* EDAMTypes.m */; };
		554B8450155B34F900D5C51D /* EDAMUserStore.m in Sources */ = {isa = PBXBuildFile; fileRef = 554B8424155B34F900D5C51D /* EDAMUserStore.m */; };
		554B8451155B34F900D5C51D /* EvernoteDeveloperSession.m in Sources */ = {isa = PBXBuildFile; fileRef = 554B8427155B34F900D5C51D /* EvernoteDeveloperSession.m */; };
		554B8452155B34F900D5C51D /* EvernoteNoteStore.m in Sources */ = {isa = PBXBuildFile; fileRef = 554B8429155B34F900D5C51D /* EvernoteNoteStore.m */; };
		554B8453155B34F900D5C51D /* EvernoteSDK.m in Sources */ = {isa = PBXBuildFile; fileRef = 554B842B155B34F900D5C51D /* EvernoteSDK.m */; };
		554B8454155B34F900D5C51D /* EvernoteSession.m in Sources */ = {isa = PBXBuildFile; fileRef = 554B842D155B34F900D5C51D /* EvernoteSession.m */; };
		554B8455155B34F900D5C51D /* EvernoteUserStore.m in Sources */ = {isa = PBXBuildFile; fileRef = 554B842F155B34F900D5C51D /* EvernoteUserStore.m */; };
		554B8456155B34F900D5C51D /* ENAPI.m in Sources */ = {isa = PBXBuildFile; fileRef = 554B8432155B34F900D5C51D /* ENAPI.m */; };
		554B8457155B34F900D5C51D /* ENCredentials.m in Sources */ = {isa = PBXBuildFile; fileRef = 554B8434155B34F900D5C51D /* ENCredentials.m */; };
		554B8458155B34F900D5C51D /* ENCredentialStore.m in Sources */ = {isa = PBXBuildFile; fileRef = 554B8436155B34F900D5C51D /* ENCredentialStore.m */; };
		5568654D155879EE0011ECF7 /* UIKit.framework in Frameworks */ = {isa = PBXBuildFile; fileRef = 5568654C155879EE0011ECF7 /* UIKit.framework */; };
		5568654F155879EE0011ECF7 /* Foundation.framework in Frameworks */ = {isa = PBXBuildFile; fileRef = 5568654E155879EE0011ECF7 /* Foundation.framework */; };
		55686551155879EE0011ECF7 /* CoreGraphics.framework in Frameworks */ = {isa = PBXBuildFile; fileRef = 55686550155879EE0011ECF7 /* CoreGraphics.framework */; };
		55686557155879EE0011ECF7 /* InfoPlist.strings in Resources */ = {isa = PBXBuildFile; fileRef = 55686555155879EE0011ECF7 /* InfoPlist.strings */; };
		55686559155879EE0011ECF7 /* main.m in Sources */ = {isa = PBXBuildFile; fileRef = 55686558155879EE0011ECF7 /* main.m */; };
		5568655D155879EE0011ECF7 /* ECAppDelegate.m in Sources */ = {isa = PBXBuildFile; fileRef = 5568655C155879EE0011ECF7 /* ECAppDelegate.m */; };
		55686560155879EE0011ECF7 /* ECViewController.m in Sources */ = {isa = PBXBuildFile; fileRef = 5568655F155879EE0011ECF7 /* ECViewController.m */; };
		55686563155879EE0011ECF7 /* ECViewController.xib in Resources */ = {isa = PBXBuildFile; fileRef = 55686561155879EE0011ECF7 /* ECViewController.xib */; };
		5568665215589E530011ECF7 /* Security.framework in Frameworks */ = {isa = PBXBuildFile; fileRef = 5568665115589E530011ECF7 /* Security.framework */; };
		8DBB6DCB188A7F0B00F8947F /* libxml2.dylib in Frameworks */ = {isa = PBXBuildFile; fileRef = 8DBB6DCA188A7F0B00F8947F /* libxml2.dylib */; };
/* End PBXBuildFile section */

/* Begin PBXFileReference section */
		554B83E7155B34F900D5C51D /* GCOAuth.h */ = {isa = PBXFileReference; fileEncoding = 4; lastKnownFileType = sourcecode.c.h; path = GCOAuth.h; sourceTree = "<group>"; };
		554B83E8155B34F900D5C51D /* GCOAuth.m */ = {isa = PBXFileReference; fileEncoding = 4; lastKnownFileType = sourcecode.c.objc; path = GCOAuth.m; sourceTree = "<group>"; };
		554B83E9155B34F900D5C51D /* LICENSE */ = {isa = PBXFileReference; fileEncoding = 4; lastKnownFileType = text; path = LICENSE; sourceTree = "<group>"; };
		554B83EA155B34F900D5C51D /* NSData+Base64.h */ = {isa = PBXFileReference; fileEncoding = 4; lastKnownFileType = sourcecode.c.h; path = "NSData+Base64.h"; sourceTree = "<group>"; };
		554B83EB155B34F900D5C51D /* NSData+Base64.m */ = {isa = PBXFileReference; fileEncoding = 4; lastKnownFileType = sourcecode.c.objc; path = "NSData+Base64.m"; sourceTree = "<group>"; };
		554B83ED155B34F900D5C51D /* LICENSE */ = {isa = PBXFileReference; fileEncoding = 4; lastKnownFileType = text; path = LICENSE; sourceTree = "<group>"; };
		554B83EE155B34F900D5C51D /* NSString+URLEncoding.h */ = {isa = PBXFileReference; fileEncoding = 4; lastKnownFileType = sourcecode.c.h; path = "NSString+URLEncoding.h"; sourceTree = "<group>"; };
		554B83EF155B34F900D5C51D /* NSString+URLEncoding.m */ = {isa = PBXFileReference; fileEncoding = 4; lastKnownFileType = sourcecode.c.objc; path = "NSString+URLEncoding.m"; sourceTree = "<group>"; };
		554B83F1155B34F900D5C51D /* LICENSE */ = {isa = PBXFileReference; fileEncoding = 4; lastKnownFileType = text; path = LICENSE; sourceTree = "<group>"; };
		554B83F2155B34F900D5C51D /* SSKeychain.h */ = {isa = PBXFileReference; fileEncoding = 4; lastKnownFileType = sourcecode.c.h; path = SSKeychain.h; sourceTree = "<group>"; };
		554B83F3155B34F900D5C51D /* SSKeychain.m */ = {isa = PBXFileReference; fileEncoding = 4; lastKnownFileType = sourcecode.c.objc; path = SSKeychain.m; sourceTree = "<group>"; };
		554B83F5155B34F900D5C51D /* LICENSE */ = {isa = PBXFileReference; fileEncoding = 4; lastKnownFileType = text; path = LICENSE; sourceTree = "<group>"; };
		554B83F7155B34F900D5C51D /* TBinaryProtocol.h */ = {isa = PBXFileReference; fileEncoding = 4; lastKnownFileType = sourcecode.c.h; path = TBinaryProtocol.h; sourceTree = "<group>"; };
		554B83F8155B34F900D5C51D /* TBinaryProtocol.m */ = {isa = PBXFileReference; fileEncoding = 4; lastKnownFileType = sourcecode.c.objc; path = TBinaryProtocol.m; sourceTree = "<group>"; };
		554B83F9155B34F900D5C51D /* TProtocol.h */ = {isa = PBXFileReference; fileEncoding = 4; lastKnownFileType = sourcecode.c.h; path = TProtocol.h; sourceTree = "<group>"; };
		554B83FA155B34F900D5C51D /* TProtocolException.h */ = {isa = PBXFileReference; fileEncoding = 4; lastKnownFileType = sourcecode.c.h; path = TProtocolException.h; sourceTree = "<group>"; };
		554B83FB155B34F900D5C51D /* TProtocolException.m */ = {isa = PBXFileReference; fileEncoding = 4; lastKnownFileType = sourcecode.c.objc; path = TProtocolException.m; sourceTree = "<group>"; };
		554B83FC155B34F900D5C51D /* TProtocolFactory.h */ = {isa = PBXFileReference; fileEncoding = 4; lastKnownFileType = sourcecode.c.h; path = TProtocolFactory.h; sourceTree = "<group>"; };
		554B83FD155B34F900D5C51D /* TProtocolUtil.h */ = {isa = PBXFileReference; fileEncoding = 4; lastKnownFileType = sourcecode.c.h; path = TProtocolUtil.h; sourceTree = "<group>"; };
		554B83FE155B34F900D5C51D /* TProtocolUtil.m */ = {isa = PBXFileReference; fileEncoding = 4; lastKnownFileType = sourcecode.c.objc; path = TProtocolUtil.m; sourceTree = "<group>"; };
		554B8400155B34F900D5C51D /* TSocketServer.h */ = {isa = PBXFileReference; fileEncoding = 4; lastKnownFileType = sourcecode.c.h; path = TSocketServer.h; sourceTree = "<group>"; };
		554B8401155B34F900D5C51D /* TSocketServer.m */ = {isa = PBXFileReference; fileEncoding = 4; lastKnownFileType = sourcecode.c.objc; path = TSocketServer.m; sourceTree = "<group>"; };
		554B8402155B34F900D5C51D /* TApplicationException.h */ = {isa = PBXFileReference; fileEncoding = 4; lastKnownFileType = sourcecode.c.h; path = TApplicationException.h; sourceTree = "<group>"; };
		554B8403155B34F900D5C51D /* TApplicationException.m */ = {isa = PBXFileReference; fileEncoding = 4; lastKnownFileType = sourcecode.c.objc; path = TApplicationException.m; sourceTree = "<group>"; };
		554B8404155B34F900D5C51D /* TException.h */ = {isa = PBXFileReference; fileEncoding = 4; lastKnownFileType = sourcecode.c.h; path = TException.h; sourceTree = "<group>"; };
		554B8405155B34F900D5C51D /* TException.m */ = {isa = PBXFileReference; fileEncoding = 4; lastKnownFileType = sourcecode.c.objc; path = TException.m; sourceTree = "<group>"; };
		554B8406155B34F900D5C51D /* Thrift.h */ = {isa = PBXFileReference; fileEncoding = 4; lastKnownFileType = sourcecode.c.h; path = Thrift.h; sourceTree = "<group>"; };
		554B8407155B34F900D5C51D /* TProcessor.h */ = {isa = PBXFileReference; fileEncoding = 4; lastKnownFileType = sourcecode.c.h; path = TProcessor.h; sourceTree = "<group>"; };
		554B8408155B34F900D5C51D /* TProcessorFactory.h */ = {isa = PBXFileReference; fileEncoding = 4; lastKnownFileType = sourcecode.c.h; path = TProcessorFactory.h; sourceTree = "<group>"; };
		554B840A155B34F900D5C51D /* THTTPClient.h */ = {isa = PBXFileReference; fileEncoding = 4; lastKnownFileType = sourcecode.c.h; path = THTTPClient.h; sourceTree = "<group>"; };
		554B840B155B34F900D5C51D /* THTTPClient.m */ = {isa = PBXFileReference; fileEncoding = 4; lastKnownFileType = sourcecode.c.objc; path = THTTPClient.m; sourceTree = "<group>"; };
		554B840C155B34F900D5C51D /* TMemoryBuffer.h */ = {isa = PBXFileReference; fileEncoding = 4; lastKnownFileType = sourcecode.c.h; path = TMemoryBuffer.h; sourceTree = "<group>"; };
		554B840D155B34F900D5C51D /* TMemoryBuffer.m */ = {isa = PBXFileReference; fileEncoding = 4; lastKnownFileType = sourcecode.c.objc; path = TMemoryBuffer.m; sourceTree = "<group>"; };
		554B840E155B34F900D5C51D /* TNSFileHandleTransport.h */ = {isa = PBXFileReference; fileEncoding = 4; lastKnownFileType = sourcecode.c.h; path = TNSFileHandleTransport.h; sourceTree = "<group>"; };
		554B840F155B34F900D5C51D /* TNSFileHandleTransport.m */ = {isa = PBXFileReference; fileEncoding = 4; lastKnownFileType = sourcecode.c.objc; path = TNSFileHandleTransport.m; sourceTree = "<group>"; };
		554B8410155B34F900D5C51D /* TNSStreamTransport.h */ = {isa = PBXFileReference; fileEncoding = 4; lastKnownFileType = sourcecode.c.h; path = TNSStreamTransport.h; sourceTree = "<group>"; };
		554B8411155B34F900D5C51D /* TNSStreamTransport.m */ = {isa = PBXFileReference; fileEncoding = 4; lastKnownFileType = sourcecode.c.objc; path = TNSStreamTransport.m; sourceTree = "<group>"; };
		554B8412155B34F900D5C51D /* TSocketClient.h */ = {isa = PBXFileReference; fileEncoding = 4; lastKnownFileType = sourcecode.c.h; path = TSocketClient.h; sourceTree = "<group>"; };
		554B8413155B34F900D5C51D /* TSocketClient.m */ = {isa = PBXFileReference; fileEncoding = 4; lastKnownFileType = sourcecode.c.objc; path = TSocketClient.m; sourceTree = "<group>"; };
		554B8414155B34F900D5C51D /* TTransport.h */ = {isa = PBXFileReference; fileEncoding = 4; lastKnownFileType = sourcecode.c.h; path = TTransport.h; sourceTree = "<group>"; };
		554B8415155B34F900D5C51D /* TTransportException.h */ = {isa = PBXFileReference; fileEncoding = 4; lastKnownFileType = sourcecode.c.h; path = TTransportException.h; sourceTree = "<group>"; };
		554B8416155B34F900D5C51D /* TTransportException.m */ = {isa = PBXFileReference; fileEncoding = 4; lastKnownFileType = sourcecode.c.objc; path = TTransportException.m; sourceTree = "<group>"; };
		554B8417155B34F900D5C51D /* TSharedProcessorFactory.h */ = {isa = PBXFileReference; fileEncoding = 4; lastKnownFileType = sourcecode.c.h; path = TSharedProcessorFactory.h; sourceTree = "<group>"; };
		554B8418155B34F900D5C51D /* TSharedProcessorFactory.m */ = {isa = PBXFileReference; fileEncoding = 4; lastKnownFileType = sourcecode.c.objc; path = TSharedProcessorFactory.m; sourceTree = "<group>"; };
		554B841A155B34F900D5C51D /* EDAM.h */ = {isa = PBXFileReference; fileEncoding = 4; lastKnownFileType = sourcecode.c.h; path = EDAM.h; sourceTree = "<group>"; };
		554B841B155B34F900D5C51D /* EDAMErrors.h */ = {isa = PBXFileReference; fileEncoding = 4; lastKnownFileType = sourcecode.c.h; path = EDAMErrors.h; sourceTree = "<group>"; };
		554B841C155B34F900D5C51D /* EDAMErrors.m */ = {isa = PBXFileReference; fileEncoding = 4; lastKnownFileType = sourcecode.c.objc; path = EDAMErrors.m; sourceTree = "<group>"; };
		554B841D155B34F900D5C51D /* EDAMLimits.h */ = {isa = PBXFileReference; fileEncoding = 4; lastKnownFileType = sourcecode.c.h; path = EDAMLimits.h; sourceTree = "<group>"; };
		554B841E155B34F900D5C51D /* EDAMLimits.m */ = {isa = PBXFileReference; fileEncoding = 4; lastKnownFileType = sourcecode.c.objc; path = EDAMLimits.m; sourceTree = "<group>"; };
		554B841F155B34F900D5C51D /* EDAMNoteStore.h */ = {isa = PBXFileReference; fileEncoding = 4; lastKnownFileType = sourcecode.c.h; path = EDAMNoteStore.h; sourceTree = "<group>"; };
		554B8420155B34F900D5C51D /* EDAMNoteStore.m */ = {isa = PBXFileReference; fileEncoding = 4; lastKnownFileType = sourcecode.c.objc; path = EDAMNoteStore.m; sourceTree = "<group>"; };
		554B8421155B34F900D5C51D /* EDAMTypes.h */ = {isa = PBXFileReference; fileEncoding = 4; lastKnownFileType = sourcecode.c.h; path = EDAMTypes.h; sourceTree = "<group>"; };
		554B8422155B34F900D5C51D /* EDAMTypes.m */ = {isa = PBXFileReference; fileEncoding = 4; lastKnownFileType = sourcecode.c.objc; path = EDAMTypes.m; sourceTree = "<group>"; };
		554B8423155B34F900D5C51D /* EDAMUserStore.h */ = {isa = PBXFileReference; fileEncoding = 4; lastKnownFileType = sourcecode.c.h; path = EDAMUserStore.h; sourceTree = "<group>"; };
		554B8424155B34F900D5C51D /* EDAMUserStore.m */ = {isa = PBXFileReference; fileEncoding = 4; lastKnownFileType = sourcecode.c.objc; path = EDAMUserStore.m; sourceTree = "<group>"; };
		554B8425155B34F900D5C51D /* evernote-sdk-ios-Prefix.pch */ = {isa = PBXFileReference; fileEncoding = 4; lastKnownFileType = sourcecode.c.h; path = "evernote-sdk-ios-Prefix.pch"; sourceTree = "<group>"; };
		554B8426155B34F900D5C51D /* EvernoteDeveloperSession.h */ = {isa = PBXFileReference; fileEncoding = 4; lastKnownFileType = sourcecode.c.h; path = EvernoteDeveloperSession.h; sourceTree = "<group>"; };
		554B8427155B34F900D5C51D /* EvernoteDeveloperSession.m */ = {isa = PBXFileReference; fileEncoding = 4; lastKnownFileType = sourcecode.c.objc; path = EvernoteDeveloperSession.m; sourceTree = "<group>"; };
		554B8428155B34F900D5C51D /* EvernoteNoteStore.h */ = {isa = PBXFileReference; fileEncoding = 4; lastKnownFileType = sourcecode.c.h; path = EvernoteNoteStore.h; sourceTree = "<group>"; };
		554B8429155B34F900D5C51D /* EvernoteNoteStore.m */ = {isa = PBXFileReference; fileEncoding = 4; lastKnownFileType = sourcecode.c.objc; path = EvernoteNoteStore.m; sourceTree = "<group>"; };
		554B842A155B34F900D5C51D /* EvernoteSDK.h */ = {isa = PBXFileReference; fileEncoding = 4; lastKnownFileType = sourcecode.c.h; path = EvernoteSDK.h; sourceTree = "<group>"; };
		554B842B155B34F900D5C51D /* EvernoteSDK.m */ = {isa = PBXFileReference; fileEncoding = 4; lastKnownFileType = sourcecode.c.objc; path = EvernoteSDK.m; sourceTree = "<group>"; };
		554B842C155B34F900D5C51D /* EvernoteSession.h */ = {isa = PBXFileReference; fileEncoding = 4; lastKnownFileType = sourcecode.c.h; path = EvernoteSession.h; sourceTree = "<group>"; };
		554B842D155B34F900D5C51D /* EvernoteSession.m */ = {isa = PBXFileReference; fileEncoding = 4; lastKnownFileType = sourcecode.c.objc; path = EvernoteSession.m; sourceTree = "<group>"; };
		554B842E155B34F900D5C51D /* EvernoteUserStore.h */ = {isa = PBXFileReference; fileEncoding = 4; lastKnownFileType = sourcecode.c.h; path = EvernoteUserStore.h; sourceTree = "<group>"; };
		554B842F155B34F900D5C51D /* EvernoteUserStore.m */ = {isa = PBXFileReference; fileEncoding = 4; lastKnownFileType = sourcecode.c.objc; path = EvernoteUserStore.m; sourceTree = "<group>"; };
		554B8431155B34F900D5C51D /* ENAPI.h */ = {isa = PBXFileReference; fileEncoding = 4; lastKnownFileType = sourcecode.c.h; path = ENAPI.h; sourceTree = "<group>"; };
		554B8432155B34F900D5C51D /* ENAPI.m */ = {isa = PBXFileReference; fileEncoding = 4; lastKnownFileType = sourcecode.c.objc; path = ENAPI.m; sourceTree = "<group>"; };
		554B8433155B34F900D5C51D /* ENCredentials.h */ = {isa = PBXFileReference; fileEncoding = 4; lastKnownFileType = sourcecode.c.h; path = ENCredentials.h; sourceTree = "<group>"; };
		554B8434155B34F900D5C51D /* ENCredentials.m */ = {isa = PBXFileReference; fileEncoding = 4; lastKnownFileType = sourcecode.c.objc; path = ENCredentials.m; sourceTree = "<group>"; };
		554B8435155B34F900D5C51D /* ENCredentialStore.h */ = {isa = PBXFileReference; fileEncoding = 4; lastKnownFileType = sourcecode.c.h; path = ENCredentialStore.h; sourceTree = "<group>"; };
		554B8436155B34F900D5C51D /* ENCredentialStore.m */ = {isa = PBXFileReference; fileEncoding = 4; lastKnownFileType = sourcecode.c.objc; path = ENCredentialStore.m; sourceTree = "<group>"; };
		55686548155879EE0011ECF7 /* EvernoteCounter.app */ = {isa = PBXFileReference; explicitFileType = wrapper.application; includeInIndex = 0; path = EvernoteCounter.app; sourceTree = BUILT_PRODUCTS_DIR; };
		5568654C155879EE0011ECF7 /* UIKit.framework */ = {isa = PBXFileReference; lastKnownFileType = wrapper.framework; name = UIKit.framework; path = System/Library/Frameworks/UIKit.framework; sourceTree = SDKROOT; };
		5568654E155879EE0011ECF7 /* Foundation.framework */ = {isa = PBXFileReference; lastKnownFileType = wrapper.framework; name = Foundation.framework; path = System/Library/Frameworks/Foundation.framework; sourceTree = SDKROOT; };
		55686550155879EE0011ECF7 /* CoreGraphics.framework */ = {isa = PBXFileReference; lastKnownFileType = wrapper.framework; name = CoreGraphics.framework; path = System/Library/Frameworks/CoreGraphics.framework; sourceTree = SDKROOT; };
		55686554155879EE0011ECF7 /* EvernoteCounter-Info.plist */ = {isa = PBXFileReference; lastKnownFileType = text.plist.xml; path = "EvernoteCounter-Info.plist"; sourceTree = "<group>"; };
		55686556155879EE0011ECF7 /* en */ = {isa = PBXFileReference; lastKnownFileType = text.plist.strings; name = en; path = en.lproj/InfoPlist.strings; sourceTree = "<group>"; };
		55686558155879EE0011ECF7 /* main.m */ = {isa = PBXFileReference; lastKnownFileType = sourcecode.c.objc; path = main.m; sourceTree = "<group>"; };
		5568655A155879EE0011ECF7 /* EvernoteCounter-Prefix.pch */ = {isa = PBXFileReference; lastKnownFileType = sourcecode.c.h; path = "EvernoteCounter-Prefix.pch"; sourceTree = "<group>"; };
		5568655B155879EE0011ECF7 /* ECAppDelegate.h */ = {isa = PBXFileReference; lastKnownFileType = sourcecode.c.h; path = ECAppDelegate.h; sourceTree = "<group>"; };
		5568655C155879EE0011ECF7 /* ECAppDelegate.m */ = {isa = PBXFileReference; lastKnownFileType = sourcecode.c.objc; path = ECAppDelegate.m; sourceTree = "<group>"; };
		5568655E155879EE0011ECF7 /* ECViewController.h */ = {isa = PBXFileReference; lastKnownFileType = sourcecode.c.h; path = ECViewController.h; sourceTree = "<group>"; };
		5568655F155879EE0011ECF7 /* ECViewController.m */ = {isa = PBXFileReference; lastKnownFileType = sourcecode.c.objc; path = ECViewController.m; sourceTree = "<group>"; };
		55686562155879EE0011ECF7 /* en */ = {isa = PBXFileReference; lastKnownFileType = file.xib; name = en; path = en.lproj/ECViewController.xib; sourceTree = "<group>"; };
		5568665115589E530011ECF7 /* Security.framework */ = {isa = PBXFileReference; lastKnownFileType = wrapper.framework; name = Security.framework; path = System/Library/Frameworks/Security.framework; sourceTree = SDKROOT; };
		8DBB6DCA188A7F0B00F8947F /* libxml2.dylib */ = {isa = PBXFileReference; lastKnownFileType = "compiled.mach-o.dylib"; name = libxml2.dylib; path = usr/lib/libxml2.dylib; sourceTree = SDKROOT; };
/* End PBXFileReference section */

/* Begin PBXFrameworksBuildPhase section */
		55686545155879EE0011ECF7 /* Frameworks */ = {
			isa = PBXFrameworksBuildPhase;
			buildActionMask = 2147483647;
			files = (
				8DBB6DCB188A7F0B00F8947F /* libxml2.dylib in Frameworks */,
				5568665215589E530011ECF7 /* Security.framework in Frameworks */,
				5568654D155879EE0011ECF7 /* UIKit.framework in Frameworks */,
				5568654F155879EE0011ECF7 /* Foundation.framework in Frameworks */,
				55686551155879EE0011ECF7 /* CoreGraphics.framework in Frameworks */,
			);
			runOnlyForDeploymentPostprocessing = 0;
		};
/* End PBXFrameworksBuildPhase section */

/* Begin PBXGroup section */
		554B83E4155B34F900D5C51D /* evernote-sdk-ios */ = {
			isa = PBXGroup;
			children = (
				554B83E5155B34F900D5C51D /* 3rdParty */,
				554B8419155B34F900D5C51D /* EDAM */,
				554B8425155B34F900D5C51D /* evernote-sdk-ios-Prefix.pch */,
				554B8426155B34F900D5C51D /* EvernoteDeveloperSession.h */,
				554B8427155B34F900D5C51D /* EvernoteDeveloperSession.m */,
				554B8428155B34F900D5C51D /* EvernoteNoteStore.h */,
				554B8429155B34F900D5C51D /* EvernoteNoteStore.m */,
				554B842A155B34F900D5C51D /* EvernoteSDK.h */,
				554B842B155B34F900D5C51D /* EvernoteSDK.m */,
				554B842C155B34F900D5C51D /* EvernoteSession.h */,
				554B842D155B34F900D5C51D /* EvernoteSession.m */,
				554B842E155B34F900D5C51D /* EvernoteUserStore.h */,
				554B842F155B34F900D5C51D /* EvernoteUserStore.m */,
				554B8430155B34F900D5C51D /* internal */,
			);
			path = "evernote-sdk-ios";
			sourceTree = "<group>";
		};
		554B83E5155B34F900D5C51D /* 3rdParty */ = {
			isa = PBXGroup;
			children = (
				554B83E6155B34F900D5C51D /* cocoa-oauth */,
				554B83EC155B34F900D5C51D /* NSString+URLEncoding */,
				554B83F0155B34F900D5C51D /* SSKeychain */,
				554B83F4155B34F900D5C51D /* Thrift */,
			);
			path = 3rdParty;
			sourceTree = "<group>";
		};
		554B83E6155B34F900D5C51D /* cocoa-oauth */ = {
			isa = PBXGroup;
			children = (
				554B83E7155B34F900D5C51D /* GCOAuth.h */,
				554B83E8155B34F900D5C51D /* GCOAuth.m */,
				554B83E9155B34F900D5C51D /* LICENSE */,
				554B83EA155B34F900D5C51D /* NSData+Base64.h */,
				554B83EB155B34F900D5C51D /* NSData+Base64.m */,
			);
			path = "cocoa-oauth";
			sourceTree = "<group>";
		};
		554B83EC155B34F900D5C51D /* NSString+URLEncoding */ = {
			isa = PBXGroup;
			children = (
				554B83ED155B34F900D5C51D /* LICENSE */,
				554B83EE155B34F900D5C51D /* NSString+URLEncoding.h */,
				554B83EF155B34F900D5C51D /* NSString+URLEncoding.m */,
			);
			path = "NSString+URLEncoding";
			sourceTree = "<group>";
		};
		554B83F0155B34F900D5C51D /* SSKeychain */ = {
			isa = PBXGroup;
			children = (
				554B83F1155B34F900D5C51D /* LICENSE */,
				554B83F2155B34F900D5C51D /* SSKeychain.h */,
				554B83F3155B34F900D5C51D /* SSKeychain.m */,
			);
			path = SSKeychain;
			sourceTree = "<group>";
		};
		554B83F4155B34F900D5C51D /* Thrift */ = {
			isa = PBXGroup;
			children = (
				554B83F5155B34F900D5C51D /* LICENSE */,
				554B83F6155B34F900D5C51D /* protocol */,
				554B83FF155B34F900D5C51D /* server */,
				554B8402155B34F900D5C51D /* TApplicationException.h */,
				554B8403155B34F900D5C51D /* TApplicationException.m */,
				554B8404155B34F900D5C51D /* TException.h */,
				554B8405155B34F900D5C51D /* TException.m */,
				554B8406155B34F900D5C51D /* Thrift.h */,
				554B8407155B34F900D5C51D /* TProcessor.h */,
				554B8408155B34F900D5C51D /* TProcessorFactory.h */,
				554B8409155B34F900D5C51D /* transport */,
				554B8417155B34F900D5C51D /* TSharedProcessorFactory.h */,
				554B8418155B34F900D5C51D /* TSharedProcessorFactory.m */,
			);
			path = Thrift;
			sourceTree = "<group>";
		};
		554B83F6155B34F900D5C51D /* protocol */ = {
			isa = PBXGroup;
			children = (
				554B83F7155B34F900D5C51D /* TBinaryProtocol.h */,
				554B83F8155B34F900D5C51D /* TBinaryProtocol.m */,
				554B83F9155B34F900D5C51D /* TProtocol.h */,
				554B83FA155B34F900D5C51D /* TProtocolException.h */,
				554B83FB155B34F900D5C51D /* TProtocolException.m */,
				554B83FC155B34F900D5C51D /* TProtocolFactory.h */,
				554B83FD155B34F900D5C51D /* TProtocolUtil.h */,
				554B83FE155B34F900D5C51D /* TProtocolUtil.m */,
			);
			path = protocol;
			sourceTree = "<group>";
		};
		554B83FF155B34F900D5C51D /* server */ = {
			isa = PBXGroup;
			children = (
				554B8400155B34F900D5C51D /* TSocketServer.h */,
				554B8401155B34F900D5C51D /* TSocketServer.m */,
			);
			path = server;
			sourceTree = "<group>";
		};
		554B8409155B34F900D5C51D /* transport */ = {
			isa = PBXGroup;
			children = (
				554B840A155B34F900D5C51D /* THTTPClient.h */,
				554B840B155B34F900D5C51D /* THTTPClient.m */,
				554B840C155B34F900D5C51D /* TMemoryBuffer.h */,
				554B840D155B34F900D5C51D /* TMemoryBuffer.m */,
				554B840E155B34F900D5C51D /* TNSFileHandleTransport.h */,
				554B840F155B34F900D5C51D /* TNSFileHandleTransport.m */,
				554B8410155B34F900D5C51D /* TNSStreamTransport.h */,
				554B8411155B34F900D5C51D /* TNSStreamTransport.m */,
				554B8412155B34F900D5C51D /* TSocketClient.h */,
				554B8413155B34F900D5C51D /* TSocketClient.m */,
				554B8414155B34F900D5C51D /* TTransport.h */,
				554B8415155B34F900D5C51D /* TTransportException.h */,
				554B8416155B34F900D5C51D /* TTransportException.m */,
			);
			path = transport;
			sourceTree = "<group>";
		};
		554B8419155B34F900D5C51D /* EDAM */ = {
			isa = PBXGroup;
			children = (
				554B841A155B34F900D5C51D /* EDAM.h */,
				554B841B155B34F900D5C51D /* EDAMErrors.h */,
				554B841C155B34F900D5C51D /* EDAMErrors.m */,
				554B841D155B34F900D5C51D /* EDAMLimits.h */,
				554B841E155B34F900D5C51D /* EDAMLimits.m */,
				554B841F155B34F900D5C51D /* EDAMNoteStore.h */,
				554B8420155B34F900D5C51D /* EDAMNoteStore.m */,
				554B8421155B34F900D5C51D /* EDAMTypes.h */,
				554B8422155B34F900D5C51D /* EDAMTypes.m */,
				554B8423155B34F900D5C51D /* EDAMUserStore.h */,
				554B8424155B34F900D5C51D /* EDAMUserStore.m */,
			);
			path = EDAM;
			sourceTree = "<group>";
		};
		554B8430155B34F900D5C51D /* internal */ = {
			isa = PBXGroup;
			children = (
				554B8431155B34F900D5C51D /* ENAPI.h */,
				554B8432155B34F900D5C51D /* ENAPI.m */,
				554B8433155B34F900D5C51D /* ENCredentials.h */,
				554B8434155B34F900D5C51D /* ENCredentials.m */,
				554B8435155B34F900D5C51D /* ENCredentialStore.h */,
				554B8436155B34F900D5C51D /* ENCredentialStore.m */,
			);
			path = internal;
			sourceTree = "<group>";
		};
		5568653D155879EE0011ECF7 = {
			isa = PBXGroup;
			children = (
				554B83E4155B34F900D5C51D /* evernote-sdk-ios */,
				55686552155879EE0011ECF7 /* EvernoteCounter */,
				5568654B155879EE0011ECF7 /* Frameworks */,
				55686549155879EE0011ECF7 /* Products */,
			);
			sourceTree = "<group>";
		};
		55686549155879EE0011ECF7 /* Products */ = {
			isa = PBXGroup;
			children = (
				55686548155879EE0011ECF7 /* EvernoteCounter.app */,
			);
			name = Products;
			sourceTree = "<group>";
		};
		5568654B155879EE0011ECF7 /* Frameworks */ = {
			isa = PBXGroup;
			children = (
				8DBB6DCA188A7F0B00F8947F /* libxml2.dylib */,
				5568665115589E530011ECF7 /* Security.framework */,
				5568654C155879EE0011ECF7 /* UIKit.framework */,
				5568654E155879EE0011ECF7 /* Foundation.framework */,
				55686550155879EE0011ECF7 /* CoreGraphics.framework */,
			);
			name = Frameworks;
			sourceTree = "<group>";
		};
		55686552155879EE0011ECF7 /* EvernoteCounter */ = {
			isa = PBXGroup;
			children = (
				5568655B155879EE0011ECF7 /* ECAppDelegate.h */,
				5568655C155879EE0011ECF7 /* ECAppDelegate.m */,
				5568655E155879EE0011ECF7 /* ECViewController.h */,
				5568655F155879EE0011ECF7 /* ECViewController.m */,
				55686561155879EE0011ECF7 /* ECViewController.xib */,
				55686553155879EE0011ECF7 /* Supporting Files */,
			);
			path = EvernoteCounter;
			sourceTree = "<group>";
		};
		55686553155879EE0011ECF7 /* Supporting Files */ = {
			isa = PBXGroup;
			children = (
				55686554155879EE0011ECF7 /* EvernoteCounter-Info.plist */,
				55686555155879EE0011ECF7 /* InfoPlist.strings */,
				55686558155879EE0011ECF7 /* main.m */,
				5568655A155879EE0011ECF7 /* EvernoteCounter-Prefix.pch */,
			);
			name = "Supporting Files";
			sourceTree = "<group>";
		};
/* End PBXGroup section */

/* Begin PBXNativeTarget section */
		55686547155879EE0011ECF7 /* EvernoteCounter */ = {
			isa = PBXNativeTarget;
			buildConfigurationList = 55686566155879EE0011ECF7 /* Build configuration list for PBXNativeTarget "EvernoteCounter" */;
			buildPhases = (
				55686544155879EE0011ECF7 /* Sources */,
				55686545155879EE0011ECF7 /* Frameworks */,
				55686546155879EE0011ECF7 /* Resources */,
			);
			buildRules = (
			);
			dependencies = (
			);
			name = EvernoteCounter;
			productName = EvernoteCounter;
			productReference = 55686548155879EE0011ECF7 /* EvernoteCounter.app */;
			productType = "com.apple.product-type.application";
		};
/* End PBXNativeTarget section */

/* Begin PBXProject section */
		5568653F155879EE0011ECF7 /* Project object */ = {
			isa = PBXProject;
			attributes = {
				CLASSPREFIX = EC;
				LastUpgradeCheck = 0430;
				ORGANIZATIONNAME = Personal;
			};
			buildConfigurationList = 55686542155879EE0011ECF7 /* Build configuration list for PBXProject "EvernoteCounter" */;
			compatibilityVersion = "Xcode 3.2";
			developmentRegion = English;
			hasScannedForEncodings = 0;
			knownRegions = (
				en,
			);
			mainGroup = 5568653D155879EE0011ECF7;
			productRefGroup = 55686549155879EE0011ECF7 /* Products */;
			projectDirPath = "";
			projectRoot = "";
			targets = (
				55686547155879EE0011ECF7 /* EvernoteCounter */,
			);
		};
/* End PBXProject section */

/* Begin PBXResourcesBuildPhase section */
		55686546155879EE0011ECF7 /* Resources */ = {
			isa = PBXResourcesBuildPhase;
			buildActionMask = 2147483647;
			files = (
				55686557155879EE0011ECF7 /* InfoPlist.strings in Resources */,
				55686563155879EE0011ECF7 /* ECViewController.xib in Resources */,
				554B8438155B34F900D5C51D /* LICENSE in Resources */,
				554B843A155B34F900D5C51D /* LICENSE in Resources */,
				554B843C155B34F900D5C51D /* LICENSE in Resources */,
				554B843E155B34F900D5C51D /* LICENSE in Resources */,
			);
			runOnlyForDeploymentPostprocessing = 0;
		};
/* End PBXResourcesBuildPhase section */

/* Begin PBXSourcesBuildPhase section */
		55686544155879EE0011ECF7 /* Sources */ = {
			isa = PBXSourcesBuildPhase;
			buildActionMask = 2147483647;
			files = (
				55686559155879EE0011ECF7 /* main.m in Sources */,
				5568655D155879EE0011ECF7 /* ECAppDelegate.m in Sources */,
				55686560155879EE0011ECF7 /* ECViewController.m in Sources */,
				554B8437155B34F900D5C51D /* GCOAuth.m in Sources */,
				554B8439155B34F900D5C51D /* NSData+Base64.m in Sources */,
				554B843B155B34F900D5C51D /* NSString+URLEncoding.m in Sources */,
				554B843D155B34F900D5C51D /* SSKeychain.m in Sources */,
				554B843F155B34F900D5C51D /* TBinaryProtocol.m in Sources */,
				554B8440155B34F900D5C51D /* TProtocolException.m in Sources */,
				554B8441155B34F900D5C51D /* TProtocolUtil.m in Sources */,
				554B8442155B34F900D5C51D /* TSocketServer.m in Sources */,
				554B8443155B34F900D5C51D /* TApplicationException.m in Sources */,
				554B8444155B34F900D5C51D /* TException.m in Sources */,
				554B8445155B34F900D5C51D /* THTTPClient.m in Sources */,
				554B8446155B34F900D5C51D /* TMemoryBuffer.m in Sources */,
				554B8447155B34F900D5C51D /* TNSFileHandleTransport.m in Sources */,
				554B8448155B34F900D5C51D /* TNSStreamTransport.m in Sources */,
				554B8449155B34F900D5C51D /* TSocketClient.m in Sources */,
				554B844A155B34F900D5C51D /* TTransportException.m in Sources */,
				554B844B155B34F900D5C51D /* TSharedProcessorFactory.m in Sources */,
				554B844C155B34F900D5C51D /* EDAMErrors.m in Sources */,
				554B844D155B34F900D5C51D /* EDAMLimits.m in Sources */,
				554B844E155B34F900D5C51D /* EDAMNoteStore.m in Sources */,
				554B844F155B34F900D5C51D /* EDAMTypes.m in Sources */,
				554B8450155B34F900D5C51D /* EDAMUserStore.m in Sources */,
				554B8451155B34F900D5C51D /* EvernoteDeveloperSession.m in Sources */,
				554B8452155B34F900D5C51D /* EvernoteNoteStore.m in Sources */,
				554B8453155B34F900D5C51D /* EvernoteSDK.m in Sources */,
				554B8454155B34F900D5C51D /* EvernoteSession.m in Sources */,
				554B8455155B34F900D5C51D /* EvernoteUserStore.m in Sources */,
				554B8456155B34F900D5C51D /* ENAPI.m in Sources */,
				554B8457155B34F900D5C51D /* ENCredentials.m in Sources */,
				554B8458155B34F900D5C51D /* ENCredentialStore.m in Sources */,
			);
			runOnlyForDeploymentPostprocessing = 0;
		};
/* End PBXSourcesBuildPhase section */

/* Begin PBXVariantGroup section */
		55686555155879EE0011ECF7 /* InfoPlist.strings */ = {
			isa = PBXVariantGroup;
			children = (
				55686556155879EE0011ECF7 /* en */,
			);
			name = InfoPlist.strings;
			sourceTree = "<group>";
		};
		55686561155879EE0011ECF7 /* ECViewController.xib */ = {
			isa = PBXVariantGroup;
			children = (
				55686562155879EE0011ECF7 /* en */,
			);
			name = ECViewController.xib;
			sourceTree = "<group>";
		};
/* End PBXVariantGroup section */

/* Begin XCBuildConfiguration section */
		55686564155879EE0011ECF7 /* Debug */ = {
			isa = XCBuildConfiguration;
			buildSettings = {
				ALWAYS_SEARCH_USER_PATHS = NO;
				ARCHS = "$(ARCHS_STANDARD_32_BIT)";
				"CODE_SIGN_IDENTITY[sdk=iphoneos*]" = "iPhone Developer";
				COPY_PHASE_STRIP = NO;
				GCC_C_LANGUAGE_STANDARD = gnu99;
				GCC_DYNAMIC_NO_PIC = NO;
				GCC_OPTIMIZATION_LEVEL = 0;
				GCC_PREPROCESSOR_DEFINITIONS = (
					"DEBUG=1",
					"$(inherited)",
				);
				GCC_SYMBOLS_PRIVATE_EXTERN = NO;
				GCC_VERSION = com.apple.compilers.llvm.clang.1_0;
				GCC_WARN_ABOUT_RETURN_TYPE = YES;
				GCC_WARN_UNINITIALIZED_AUTOS = YES;
				GCC_WARN_UNUSED_VARIABLE = YES;
				IPHONEOS_DEPLOYMENT_TARGET = 5.1;
				SDKROOT = iphoneos;
			};
			name = Debug;
		};
		55686565155879EE0011ECF7 /* Release */ = {
			isa = XCBuildConfiguration;
			buildSettings = {
				ALWAYS_SEARCH_USER_PATHS = NO;
				ARCHS = "$(ARCHS_STANDARD_32_BIT)";
				"CODE_SIGN_IDENTITY[sdk=iphoneos*]" = "iPhone Developer";
				COPY_PHASE_STRIP = YES;
				GCC_C_LANGUAGE_STANDARD = gnu99;
				GCC_VERSION = com.apple.compilers.llvm.clang.1_0;
				GCC_WARN_ABOUT_RETURN_TYPE = YES;
				GCC_WARN_UNINITIALIZED_AUTOS = YES;
				GCC_WARN_UNUSED_VARIABLE = YES;
				IPHONEOS_DEPLOYMENT_TARGET = 5.1;
				OTHER_CFLAGS = "-DNS_BLOCK_ASSERTIONS=1";
				SDKROOT = iphoneos;
				VALIDATE_PRODUCT = YES;
			};
			name = Release;
		};
		55686567155879EE0011ECF7 /* Debug */ = {
			isa = XCBuildConfiguration;
			buildSettings = {
				GCC_PRECOMPILE_PREFIX_HEADER = YES;
				GCC_PREFIX_HEADER = "EvernoteCounter/EvernoteCounter-Prefix.pch";
				HEADER_SEARCH_PATHS = (
					"$(inherited)",
					/Applications/Xcode.app/Contents/Developer/Toolchains/XcodeDefault.xctoolchain/usr/include,
					/usr/include/libxml2,
				);
				INFOPLIST_FILE = "EvernoteCounter/EvernoteCounter-Info.plist";
				PRODUCT_NAME = "$(TARGET_NAME)";
				WRAPPER_EXTENSION = app;
			};
			name = Debug;
		};
		55686568155879EE0011ECF7 /* Release */ = {
			isa = XCBuildConfiguration;
			buildSettings = {
				GCC_PRECOMPILE_PREFIX_HEADER = YES;
				GCC_PREFIX_HEADER = "EvernoteCounter/EvernoteCounter-Prefix.pch";
				HEADER_SEARCH_PATHS = (
					"$(inherited)",
					/Applications/Xcode.app/Contents/Developer/Toolchains/XcodeDefault.xctoolchain/usr/include,
					/usr/include/libxml2,
				);
				INFOPLIST_FILE = "EvernoteCounter/EvernoteCounter-Info.plist";
				PRODUCT_NAME = "$(TARGET_NAME)";
				WRAPPER_EXTENSION = app;
			};
			name = Release;
		};
/* End XCBuildConfiguration section */

/* Begin XCConfigurationList section */
		55686542155879EE0011ECF7 /* Build configuration list for PBXProject "EvernoteCounter" */ = {
			isa = XCConfigurationList;
			buildConfigurations = (
				55686564155879EE0011ECF7 /* Debug */,
				55686565155879EE0011ECF7 /* Release */,
			);
			defaultConfigurationIsVisible = 0;
			defaultConfigurationName = Release;
		};
		55686566155879EE0011ECF7 /* Build configuration list for PBXNativeTarget "EvernoteCounter" */ = {
			isa = XCConfigurationList;
			buildConfigurations = (
				55686567155879EE0011ECF7 /* Debug */,
				55686568155879EE0011ECF7 /* Release */,
			);
			defaultConfigurationIsVisible = 0;
			defaultConfigurationName = Release;
		};
/* End XCConfigurationList section */
	};
	rootObject = 5568653F155879EE0011ECF7 /* Project object */;
}
